{
  "originHash" : "c217e821f79835302c9543b6b21870dea918b653dbf96ed3de5783ec6329eb6e",
  "pins" : [
    {
      "identity" : "swift-syntax",
      "kind" : "remoteSourceControl",
      "location" : "https://github.com/johnno1962/swift-syntax",
      "state" : {
        "branch" : "main",
        "revision" : "dfeb1d2c3409bd52abe10facb1ddb31c19f64aff"
      }
    },
    {
      "identity" : "swiftyxpc",
      "kind" : "remoteSourceControl",
      "location" : "https://github.com/machineko/SwiftyXPC",
      "state" : {
        "branch" : "main",
        "revision" : "033b7b4defd642f15d8ebbcd561af8cb2c1bc098"
      }
    }
  ],
  "version" : 3
}
